// !$*UTF8*$!
{
	archiveVersion = 1;
	classes = {
	};
	objectVersion = 56;
	objects = {

/* Begin PBXBuildFile section */
		6A7171FF2A99FA2700D1A6E0 /* HomeKitLearningApp.swift in Sources */ = {isa = PBXBuildFile; fileRef = 6A7171FE2A99FA2700D1A6E0 /* HomeKitLearningApp.swift */; };
		6A7172012A99FA2700D1A6E0 /* ContentView.swift in Sources */ = {isa = PBXBuildFile; fileRef = 6A7172002A99FA2700D1A6E0 /* ContentView.swift */; };
		6A7172032A99FA2800D1A6E0 /* Assets.xcassets in Resources */ = {isa = PBXBuildFile; fileRef = 6A7172022A99FA2800D1A6E0 /* Assets.xcassets */; };
		6A7172062A99FA2800D1A6E0 /* Preview Assets.xcassets in Resources */ = {isa = PBXBuildFile; fileRef = 6A7172052A99FA2800D1A6E0 /* Preview Assets.xcassets */; };
		6A71720E2A9A033800D1A6E0 /* HomeStore.swift in Sources */ = {isa = PBXBuildFile; fileRef = 6A71720D2A9A033800D1A6E0 /* HomeStore.swift */; };
		6A7172102A9A0BB700D1A6E0 /* AccesoriesView.swift in Sources */ = {isa = PBXBuildFile; fileRef = 6A71720F2A9A0BB700D1A6E0 /* AccesoriesView.swift */; };
		6A7172142A9A133000D1A6E0 /* ViewStack.swift in Sources */ = {isa = PBXBuildFile; fileRef = 6A7172132A9A133000D1A6E0 /* ViewStack.swift */; };
		6A7172162A9A17C400D1A6E0 /* ServiceView.swift in Sources */ = {isa = PBXBuildFile; fileRef = 6A7172152A9A17C400D1A6E0 /* ServiceView.swift */; };
		6A7172182A9A1DA000D1A6E0 /* CharacteristicView.swift in Sources */ = {isa = PBXBuildFile; fileRef = 6A7172172A9A1D9F00D1A6E0 /* CharacteristicView.swift */; };
/* End PBXBuildFile section */

/* Begin PBXFileReference section */
		6A7171FB2A99FA2700D1A6E0 /* HomeKitLearning.app */ = {isa = PBXFileReference; explicitFileType = wrapper.application; includeInIndex = 0; path = HomeKitLearning.app; sourceTree = BUILT_PRODUCTS_DIR; };
		6A7171FE2A99FA2700D1A6E0 /* HomeKitLearningApp.swift */ = {isa = PBXFileReference; lastKnownFileType = sourcecode.swift; path = HomeKitLearningApp.swift; sourceTree = "<group>"; };
		6A7172002A99FA2700D1A6E0 /* ContentView.swift */ = {isa = PBXFileReference; lastKnownFileType = sourcecode.swift; path = ContentView.swift; sourceTree = "<group>"; };
		6A7172022A99FA2800D1A6E0 /* Assets.xcassets */ = {isa = PBXFileReference; lastKnownFileType = folder.assetcatalog; path = Assets.xcassets; sourceTree = "<group>"; };
		6A7172052A99FA2800D1A6E0 /* Preview Assets.xcassets */ = {isa = PBXFileReference; lastKnownFileType = folder.assetcatalog; path = "Preview Assets.xcassets"; sourceTree = "<group>"; };
		6A71720C2A99FAB700D1A6E0 /* HomeKitLearning.entitlements */ = {isa = PBXFileReference; lastKnownFileType = text.plist.entitlements; path = HomeKitLearning.entitlements; sourceTree = "<group>"; };
		6A71720D2A9A033800D1A6E0 /* HomeStore.swift */ = {isa = PBXFileReference; lastKnownFileType = sourcecode.swift; path = HomeStore.swift; sourceTree = "<group>"; };
		6A71720F2A9A0BB700D1A6E0 /* AccesoriesView.swift */ = {isa = PBXFileReference; lastKnownFileType = sourcecode.swift; path = AccesoriesView.swift; sourceTree = "<group>"; };
		6A7172132A9A133000D1A6E0 /* ViewStack.swift */ = {isa = PBXFileReference; lastKnownFileType = sourcecode.swift; path = ViewStack.swift; sourceTree = "<group>"; };
		6A7172152A9A17C400D1A6E0 /* ServiceView.swift */ = {isa = PBXFileReference; lastKnownFileType = sourcecode.swift; path = ServiceView.swift; sourceTree = "<group>"; };
		6A7172172A9A1D9F00D1A6E0 /* CharacteristicView.swift */ = {isa = PBXFileReference; lastKnownFileType = sourcecode.swift; path = CharacteristicView.swift; sourceTree = "<group>"; };
/* End PBXFileReference section */

/* Begin PBXFrameworksBuildPhase section */
		6A7171F82A99FA2700D1A6E0 /* Frameworks */ = {
			isa = PBXFrameworksBuildPhase;
			buildActionMask = 2147483647;
			files = (
			);
			runOnlyForDeploymentPostprocessing = 0;
		};
/* End PBXFrameworksBuildPhase section */

/* Begin PBXGroup section */
		6A7171F22A99FA2700D1A6E0 = {
			isa = PBXGroup;
			children = (
				6A7171FD2A99FA2700D1A6E0 /* HomeKitLearning */,
				6A7171FC2A99FA2700D1A6E0 /* Products */,
			);
			sourceTree = "<group>";
		};
		6A7171FC2A99FA2700D1A6E0 /* Products */ = {
			isa = PBXGroup;
			children = (
				6A7171FB2A99FA2700D1A6E0 /* HomeKitLearning.app */,
			);
			name = Products;
			sourceTree = "<group>";
		};
		6A7171FD2A99FA2700D1A6E0 /* HomeKitLearning */ = {
			isa = PBXGroup;
			children = (
				6A71720C2A99FAB700D1A6E0 /* HomeKitLearning.entitlements */,
				6A7171FE2A99FA2700D1A6E0 /* HomeKitLearningApp.swift */,
				6A7172002A99FA2700D1A6E0 /* ContentView.swift */,
				6A7172022A99FA2800D1A6E0 /* Assets.xcassets */,
				6A7172042A99FA2800D1A6E0 /* Preview Content */,
				6A71720D2A9A033800D1A6E0 /* HomeStore.swift */,
				6A71720F2A9A0BB700D1A6E0 /* AccesoriesView.swift */,
				6A7172132A9A133000D1A6E0 /* ViewStack.swift */,
				6A7172152A9A17C400D1A6E0 /* ServiceView.swift */,
				6A7172172A9A1D9F00D1A6E0 /* CharacteristicView.swift */,
			);
			path = HomeKitLearning;
			sourceTree = "<group>";
		};
		6A7172042A99FA2800D1A6E0 /* Preview Content */ = {
			isa = PBXGroup;
			children = (
				6A7172052A99FA2800D1A6E0 /* Preview Assets.xcassets */,
			);
			path = "Preview Content";
			sourceTree = "<group>";
		};
/* End PBXGroup section */

/* Begin PBXNativeTarget section */
		6A7171FA2A99FA2700D1A6E0 /* HomeKitLearning */ = {
			isa = PBXNativeTarget;
			buildConfigurationList = 6A7172092A99FA2800D1A6E0 /* Build configuration list for PBXNativeTarget "HomeKitLearning" */;
			buildPhases = (
				6A7171F72A99FA2700D1A6E0 /* Sources */,
				6A7171F82A99FA2700D1A6E0 /* Frameworks */,
				6A7171F92A99FA2700D1A6E0 /* Resources */,
			);
			buildRules = (
			);
			dependencies = (
			);
			name = HomeKitLearning;
			productName = HomeKitLearning;
			productReference = 6A7171FB2A99FA2700D1A6E0 /* HomeKitLearning.app */;
			productType = "com.apple.product-type.application";
		};
/* End PBXNativeTarget section */

/* Begin PBXProject section */
		6A7171F32A99FA2700D1A6E0 /* Project object */ = {
			isa = PBXProject;
			attributes = {
				BuildIndependentTargetsInParallel = 1;
				LastSwiftUpdateCheck = 1430;
				LastUpgradeCheck = 1430;
				TargetAttributes = {
					6A7171FA2A99FA2700D1A6E0 = {
						CreatedOnToolsVersion = 14.3.1;
					};
				};
			};
			buildConfigurationList = 6A7171F62A99FA2700D1A6E0 /* Build configuration list for PBXProject "HomeKitLearning" */;
			compatibilityVersion = "Xcode 14.0";
			developmentRegion = en;
			hasScannedForEncodings = 0;
			knownRegions = (
				en,
				Base,
			);
			mainGroup = 6A7171F22A99FA2700D1A6E0;
			productRefGroup = 6A7171FC2A99FA2700D1A6E0 /* Products */;
			projectDirPath = "";
			projectRoot = "";
			targets = (
				6A7171FA2A99FA2700D1A6E0 /* HomeKitLearning */,
			);
		};
/* End PBXProject section */

/* Begin PBXResourcesBuildPhase section */
		6A7171F92A99FA2700D1A6E0 /* Resources */ = {
			isa = PBXResourcesBuildPhase;
			buildActionMask = 2147483647;
			files = (
				6A7172062A99FA2800D1A6E0 /* Preview Assets.xcassets in Resources */,
				6A7172032A99FA2800D1A6E0 /* Assets.xcassets in Resources */,
			);
			runOnlyForDeploymentPostprocessing = 0;
		};
/* End PBXResourcesBuildPhase section */

/* Begin PBXSourcesBuildPhase section */
		6A7171F72A99FA2700D1A6E0 /* Sources */ = {
			isa = PBXSourcesBuildPhase;
			buildActionMask = 2147483647;
			files = (
				6A7172142A9A133000D1A6E0 /* ViewStack.swift in Sources */,
				6A71720E2A9A033800D1A6E0 /* HomeStore.swift in Sources */,
				6A7172012A99FA2700D1A6E0 /* ContentView.swift in Sources */,
				6A7172182A9A1DA000D1A6E0 /* CharacteristicView.swift in Sources */,
				6A7171FF2A99FA2700D1A6E0 /* HomeKitLearningApp.swift in Sources */,
				6A7172162A9A17C400D1A6E0 /* ServiceView.swift in Sources */,
				6A7172102A9A0BB700D1A6E0 /* AccesoriesView.swift in Sources */,
			);
			runOnlyForDeploymentPostprocessing = 0;
		};
/* End PBXSourcesBuildPhase section */

/* Begin XCBuildConfiguration section */
		6A7172072A99FA2800D1A6E0 /* Debug */ = {
			isa = XCBuildConfiguration;
			buildSettings = {
				ALWAYS_SEARCH_USER_PATHS = NO;
				CLANG_ANALYZER_NONNULL = YES;
				CLANG_ANALYZER_NUMBER_OBJECT_CONVERSION = YES_AGGRESSIVE;
				CLANG_CXX_LANGUAGE_STANDARD = "gnu++20";
				CLANG_ENABLE_MODULES = YES;
				CLANG_ENABLE_OBJC_ARC = YES;
				CLANG_ENABLE_OBJC_WEAK = YES;
				CLANG_WARN_BLOCK_CAPTURE_AUTORELEASING = YES;
				CLANG_WARN_BOOL_CONVERSION = YES;
				CLANG_WARN_COMMA = YES;
				CLANG_WARN_CONSTANT_CONVERSION = YES;
				CLANG_WARN_DEPRECATED_OBJC_IMPLEMENTATIONS = YES;
				CLANG_WARN_DIRECT_OBJC_ISA_USAGE = YES_ERROR;
				CLANG_WARN_DOCUMENTATION_COMMENTS = YES;
				CLANG_WARN_EMPTY_BODY = YES;
				CLANG_WARN_ENUM_CONVERSION = YES;
				CLANG_WARN_INFINITE_RECURSION = YES;
				CLANG_WARN_INT_CONVERSION = YES;
				CLANG_WARN_NON_LITERAL_NULL_CONVERSION = YES;
				CLANG_WARN_OBJC_IMPLICIT_RETAIN_SELF = YES;
				CLANG_WARN_OBJC_LITERAL_CONVERSION = YES;
				CLANG_WARN_OBJC_ROOT_CLASS = YES_ERROR;
				CLANG_WARN_QUOTED_INCLUDE_IN_FRAMEWORK_HEADER = YES;
				CLANG_WARN_RANGE_LOOP_ANALYSIS = YES;
				CLANG_WARN_STRICT_PROTOTYPES = YES;
				CLANG_WARN_SUSPICIOUS_MOVE = YES;
				CLANG_WARN_UNGUARDED_AVAILABILITY = YES_AGGRESSIVE;
				CLANG_WARN_UNREACHABLE_CODE = YES;
				CLANG_WARN__DUPLICATE_METHOD_MATCH = YES;
				COPY_PHASE_STRIP = NO;
				DEBUG_INFORMATION_FORMAT = dwarf;
				ENABLE_STRICT_OBJC_MSGSEND = YES;
				ENABLE_TESTABILITY = YES;
				GCC_C_LANGUAGE_STANDARD = gnu11;
				GCC_DYNAMIC_NO_PIC = NO;
				GCC_NO_COMMON_BLOCKS = YES;
				GCC_OPTIMIZATION_LEVEL = 0;
				GCC_PREPROCESSOR_DEFINITIONS = (
					"DEBUG=1",
					"$(inherited)",
				);
				GCC_WARN_64_TO_32_BIT_CONVERSION = YES;
				GCC_WARN_ABOUT_RETURN_TYPE = YES_ERROR;
				GCC_WARN_UNDECLARED_SELECTOR = YES;
				GCC_WARN_UNINITIALIZED_AUTOS = YES_AGGRESSIVE;
				GCC_WARN_UNUSED_FUNCTION = YES;
				GCC_WARN_UNUSED_VARIABLE = YES;
				IPHONEOS_DEPLOYMENT_TARGET = 16.4;
				MTL_ENABLE_DEBUG_INFO = INCLUDE_SOURCE;
				MTL_FAST_MATH = YES;
				ONLY_ACTIVE_ARCH = YES;
				SDKROOT = iphoneos;
				SWIFT_ACTIVE_COMPILATION_CONDITIONS = DEBUG;
				SWIFT_OPTIMIZATION_LEVEL = "-Onone";
			};
			name = Debug;
		};
		6A7172082A99FA2800D1A6E0 /* Release */ = {
			isa = XCBuildConfiguration;
			buildSettings = {
				ALWAYS_SEARCH_USER_PATHS = NO;
				CLANG_ANALYZER_NONNULL = YES;
				CLANG_ANALYZER_NUMBER_OBJECT_CONVERSION = YES_AGGRESSIVE;
				CLANG_CXX_LANGUAGE_STANDARD = "gnu++20";
				CLANG_ENABLE_MODULES = YES;
				CLANG_ENABLE_OBJC_ARC = YES;
				CLANG_ENABLE_OBJC_WEAK = YES;
				CLANG_WARN_BLOCK_CAPTURE_AUTORELEASING = YES;
				CLANG_WARN_BOOL_CONVERSION = YES;
				CLANG_WARN_COMMA = YES;
				CLANG_WARN_CONSTANT_CONVERSION = YES;
				CLANG_WARN_DEPRECATED_OBJC_IMPLEMENTATIONS = YES;
				CLANG_WARN_DIRECT_OBJC_ISA_USAGE = YES_ERROR;
				CLANG_WARN_DOCUMENTATION_COMMENTS = YES;
				CLANG_WARN_EMPTY_BODY = YES;
				CLANG_WARN_ENUM_CONVERSION = YES;
				CLANG_WARN_INFINITE_RECURSION = YES;
				CLANG_WARN_INT_CONVERSION = YES;
				CLANG_WARN_NON_LITERAL_NULL_CONVERSION = YES;
				CLANG_WARN_OBJC_IMPLICIT_RETAIN_SELF = YES;
				CLANG_WARN_OBJC_LITERAL_CONVERSION = YES;
				CLANG_WARN_OBJC_ROOT_CLASS = YES_ERROR;
				CLANG_WARN_QUOTED_INCLUDE_IN_FRAMEWORK_HEADER = YES;
				CLANG_WARN_RANGE_LOOP_ANALYSIS = YES;
				CLANG_WARN_STRICT_PROTOTYPES = YES;
				CLANG_WARN_SUSPICIOUS_MOVE = YES;
				CLANG_WARN_UNGUARDED_AVAILABILITY = YES_AGGRESSIVE;
				CLANG_WARN_UNREACHABLE_CODE = YES;
				CLANG_WARN__DUPLICATE_METHOD_MATCH = YES;
				COPY_PHASE_STRIP = NO;
				DEBUG_INFORMATION_FORMAT = "dwarf-with-dsym";
				ENABLE_NS_ASSERTIONS = NO;
				ENABLE_STRICT_OBJC_MSGSEND = YES;
				GCC_C_LANGUAGE_STANDARD = gnu11;
				GCC_NO_COMMON_BLOCKS = YES;
				GCC_WARN_64_TO_32_BIT_CONVERSION = YES;
				GCC_WARN_ABOUT_RETURN_TYPE = YES_ERROR;
				GCC_WARN_UNDECLARED_SELECTOR = YES;
				GCC_WARN_UNINITIALIZED_AUTOS = YES_AGGRESSIVE;
				GCC_WARN_UNUSED_FUNCTION = YES;
				GCC_WARN_UNUSED_VARIABLE = YES;
				IPHONEOS_DEPLOYMENT_TARGET = 16.4;
				MTL_ENABLE_DEBUG_INFO = NO;
				MTL_FAST_MATH = YES;
				SDKROOT = iphoneos;
				SWIFT_COMPILATION_MODE = wholemodule;
				SWIFT_OPTIMIZATION_LEVEL = "-O";
				VALIDATE_PRODUCT = YES;
			};
			name = Release;
		};
		6A71720A2A99FA2800D1A6E0 /* Debug */ = {
			isa = XCBuildConfiguration;
			buildSettings = {
				ASSETCATALOG_COMPILER_APPICON_NAME = AppIcon;
				ASSETCATALOG_COMPILER_GLOBAL_ACCENT_COLOR_NAME = AccentColor;
				CODE_SIGN_ENTITLEMENTS = HomeKitLearning/HomeKitLearning.entitlements;
				CODE_SIGN_STYLE = Automatic;
				CURRENT_PROJECT_VERSION = 1;
				DEVELOPMENT_ASSET_PATHS = "\"HomeKitLearning/Preview Content\"";
				DEVELOPMENT_TEAM = 9CPQ5HZ2TL;
				ENABLE_PREVIEWS = YES;
				GENERATE_INFOPLIST_FILE = YES;
				INFOPLIST_KEY_NSHomeKitUsageDescription = "Using homekit for setup hardware from app";
				INFOPLIST_KEY_UIApplicationSceneManifest_Generation = YES;
				INFOPLIST_KEY_UIApplicationSupportsIndirectInputEvents = YES;
				INFOPLIST_KEY_UILaunchScreen_Generation = YES;
				INFOPLIST_KEY_UISupportedInterfaceOrientations_iPad = "UIInterfaceOrientationPortrait UIInterfaceOrientationPortraitUpsideDown UIInterfaceOrientationLandscapeLeft UIInterfaceOrientationLandscapeRight";
				INFOPLIST_KEY_UISupportedInterfaceOrientations_iPhone = "UIInterfaceOrientationPortrait UIInterfaceOrientationLandscapeLeft UIInterfaceOrientationLandscapeRight";
				LD_RUNPATH_SEARCH_PATHS = (
					"$(inherited)",
					"@executable_path/Frameworks",
				);
				MARKETING_VERSION = 1.0;
				PRODUCT_BUNDLE_IDENTIFIER = com.ada.HomeKitLearning;
				PRODUCT_NAME = "$(TARGET_NAME)";
				SWIFT_EMIT_LOC_STRINGS = YES;
				SWIFT_VERSION = 5.0;
				TARGETED_DEVICE_FAMILY = "1,2";
			};
			name = Debug;
		};
		6A71720B2A99FA2800D1A6E0 /* Release */ = {
			isa = XCBuildConfiguration;
			buildSettings = {
				ASSETCATALOG_COMPILER_APPICON_NAME = AppIcon;
				ASSETCATALOG_COMPILER_GLOBAL_ACCENT_COLOR_NAME = AccentColor;
				CODE_SIGN_ENTITLEMENTS = HomeKitLearning/HomeKitLearning.entitlements;
				CODE_SIGN_STYLE = Automatic;
				CURRENT_PROJECT_VERSION = 1;
				DEVELOPMENT_ASSET_PATHS = "\"HomeKitLearning/Preview Content\"";
				DEVELOPMENT_TEAM = 9CPQ5HZ2TL;
				ENABLE_PREVIEWS = YES;
				GENERATE_INFOPLIST_FILE = YES;
				INFOPLIST_KEY_NSHomeKitUsageDescription = "Using homekit for setup hardware from app";
				INFOPLIST_KEY_UIApplicationSceneManifest_Generation = YES;
				INFOPLIST_KEY_UIApplicationSupportsIndirectInputEvents = YES;
				INFOPLIST_KEY_UILaunchScreen_Generation = YES;
				INFOPLIST_KEY_UISupportedInterfaceOrientations_iPad = "UIInterfaceOrientationPortrait UIInterfaceOrientationPortraitUpsideDown UIInterfaceOrientationLandscapeLeft UIInterfaceOrientationLandscapeRight";
				INFOPLIST_KEY_UISupportedInterfaceOrientations_iPhone = "UIInterfaceOrientationPortrait UIInterfaceOrientationLandscapeLeft UIInterfaceOrientationLandscapeRight";
				LD_RUNPATH_SEARCH_PATHS = (
					"$(inherited)",
					"@executable_path/Frameworks",
				);
				MARKETING_VERSION = 1.0;
				PRODUCT_BUNDLE_IDENTIFIER = com.ada.HomeKitLearning;
				PRODUCT_NAME = "$(TARGET_NAME)";
				SWIFT_EMIT_LOC_STRINGS = YES;
				SWIFT_VERSION = 5.0;
				TARGETED_DEVICE_FAMILY = "1,2";
			};
			name = Release;
		};
/* End XCBuildConfiguration section */

/* Begin XCConfigurationList section */
		6A7171F62A99FA2700D1A6E0 /* Build configuration list for PBXProject "HomeKitLearning" */ = {
			isa = XCConfigurationList;
			buildConfigurations = (
				6A7172072A99FA2800D1A6E0 /* Debug */,
				6A7172082A99FA2800D1A6E0 /* Release */,
			);
			defaultConfigurationIsVisible = 0;
			defaultConfigurationName = Release;
		};
		6A7172092A99FA2800D1A6E0 /* Build configuration list for PBXNativeTarget "HomeKitLearning" */ = {
			isa = XCConfigurationList;
			buildConfigurations = (
				6A71720A2A99FA2800D1A6E0 /* Debug */,
				6A71720B2A99FA2800D1A6E0 /* Release */,
			);
			defaultConfigurationIsVisible = 0;
			defaultConfigurationName = Release;
		};
/* End XCConfigurationList section */
	};
	rootObject = 6A7171F32A99FA2700D1A6E0 /* Project object */;
}
